
Microsoft Visual Studio Solution File, Format Version 12.00
# Visual Studio Version 17
VisualStudioVersion = 17.9.34616.47
MinimumVisualStudioVersion = 10.0.40219.1
Project("{FAE04EC0-301F-11D3-BF4B-00C04F79EFBC}") = "tpmodul5_1302223054", "tpmodul5_1302223054.csproj", "{3357FEEF-2028-45EA-A35E-D7DE7012975B}"
EndProject
Global
	GlobalSection(SolutionConfigurationPlatforms) = preSolution
		Debug|Any CPU = Debug|Any CPU
		Release|Any CPU = Release|Any CPU
	EndGlobalSection
	GlobalSection(ProjectConfigurationPlatforms) = postSolution
		{3357FEEF-2028-45EA-A35E-D7DE7012975B}.Debug|Any CPU.ActiveCfg = Debug|Any CPU
		{3357FEEF-2028-45EA-A35E-D7DE7012975B}.Debug|Any CPU.Build.0 = Debug|Any CPU
		{3357FEEF-2028-45EA-A35E-D7DE7012975B}.Release|Any CPU.ActiveCfg = Release|Any CPU
		{3357FEEF-2028-45EA-A35E-D7DE7012975B}.Release|Any CPU.Build.0 = Release|Any CPU
	EndGlobalSection
	GlobalSection(SolutionProperties) = preSolution
		HideSolutionNode = FALSE
	EndGlobalSection
	GlobalSection(ExtensibilityGlobals) = postSolution
		SolutionGuid = {319BE452-613A-406F-8EA6-D2B5631231D2}
	EndGlobalSection
EndGlobal
